PODS:
  - Alamofire (4.6.0)
  - AlamofireObjectMapper (5.0.0):
    - Alamofire (~> 4.1)
    - ObjectMapper (~> 3.0)
  - Charts (3.0.4):
    - Charts/Core (= 3.0.4)
  - Charts/Core (3.0.4)
  - ObjectMapper (3.1.0)

DEPENDENCIES:
  - AlamofireObjectMapper (~> 5.0)
  - Charts
  - ObjectMapper (~> 3.1)

SPEC CHECKSUMS:
  Alamofire: f41a599bd63041760b26d393ec1069d9d7b917f4
  AlamofireObjectMapper: 5fafc816351cbbc0d486611aaeba7461c0cbad49
  Charts: 0705898046257443f0afbbc3179f4b67507b6e48
  ObjectMapper: 20505058f54e5c3ca69e1d6de9897d152a5369a6

PODFILE CHECKSUM: fdd108f214dedcd40f635905b060cc03df19fd13

COCOAPODS: 1.4.0.rc.1
